// !$*UTF8*$!
{
	archiveVersion = 1;
	classes = {
	};
	objectVersion = 55;
	objects = {

/* Begin PBXBuildFile section */
		971CA2CC27E86C8000F9385E /* ObjC.m in Sources */ = {isa = PBXBuildFile; fileRef = 971CA2CB27E86C8000F9385E /* ObjC.m */; };
		974F171227E1FD48000FB94E /* IconProvider.swift in Sources */ = {isa = PBXBuildFile; fileRef = 974F171127E1FD48000FB94E /* IconProvider.swift */; };
		979CBA4B27E4AE2B00F47FAF /* TokenStorage.swift in Sources */ = {isa = PBXBuildFile; fileRef = 979CBA4A27E4AE2B00F47FAF /* TokenStorage.swift */; };
		97A0374527E30DA90065D82B /* ServiceContext.swift in Sources */ = {isa = PBXBuildFile; fileRef = 97A0374427E30DA90065D82B /* ServiceContext.swift */; };
		97A0374727E3479A0065D82B /* ItemsTableViewCell.swift in Sources */ = {isa = PBXBuildFile; fileRef = 97A0374627E3479A0065D82B /* ItemsTableViewCell.swift */; };
		97A0374927E348BD0065D82B /* BlizzardIconProvider.swift in Sources */ = {isa = PBXBuildFile; fileRef = 97A0374827E348BD0065D82B /* BlizzardIconProvider.swift */; };
		97A0374C27E351F90065D82B /* ItemDescriptionTableViewCell.swift in Sources */ = {isa = PBXBuildFile; fileRef = 97A0374B27E351F90065D82B /* ItemDescriptionTableViewCell.swift */; };
		97A0374E27E352310065D82B /* ItemDescriptionIconTableViewCell.swift in Sources */ = {isa = PBXBuildFile; fileRef = 97A0374D27E352310065D82B /* ItemDescriptionIconTableViewCell.swift */; };
		97A0375027E3602A0065D82B /* NSPersistentContainer+SharedContainer.swift in Sources */ = {isa = PBXBuildFile; fileRef = 97A0374F27E3602A0065D82B /* NSPersistentContainer+SharedContainer.swift */; };
		97D93D4527F44E6A007E65E7 /* ItemTypesViewController+DataSource.swift in Sources */ = {isa = PBXBuildFile; fileRef = 97D93D4327F44E69007E65E7 /* ItemTypesViewController+DataSource.swift */; };
		97D93D4627F44E6A007E65E7 /* ItemTypesViewController+Delegate.swift in Sources */ = {isa = PBXBuildFile; fileRef = 97D93D4427F44E6A007E65E7 /* ItemTypesViewController+Delegate.swift */; };
		DC213E4027D8A24C00B27C05 /* AppDelegate.swift in Sources */ = {isa = PBXBuildFile; fileRef = DC213E3F27D8A24C00B27C05 /* AppDelegate.swift */; };
		DC213E4227D8A24C00B27C05 /* SceneDelegate.swift in Sources */ = {isa = PBXBuildFile; fileRef = DC213E4127D8A24C00B27C05 /* SceneDelegate.swift */; };
		DC213E4927D8A24C00B27C05 /* Assets.xcassets in Resources */ = {isa = PBXBuildFile; fileRef = DC213E4827D8A24C00B27C05 /* Assets.xcassets */; };
		DC213E4C27D8A24C00B27C05 /* LaunchScreen.storyboard in Resources */ = {isa = PBXBuildFile; fileRef = DC213E4A27D8A24C00B27C05 /* LaunchScreen.storyboard */; };
		DC213E5C27D8CCF600B27C05 /* ItemTypesViewController.swift in Sources */ = {isa = PBXBuildFile; fileRef = DC213E5B27D8CCF600B27C05 /* ItemTypesViewController.swift */; };
		DC213E6227D9EE4600B27C05 /* ItemType.swift in Sources */ = {isa = PBXBuildFile; fileRef = DC213E6127D9EE4600B27C05 /* ItemType.swift */; };
		DC213E6427D9EE4D00B27C05 /* Item.swift in Sources */ = {isa = PBXBuildFile; fileRef = DC213E6327D9EE4D00B27C05 /* Item.swift */; };
		DC213E6627D9EE5700B27C05 /* ItemDescription.swift in Sources */ = {isa = PBXBuildFile; fileRef = DC213E6527D9EE5700B27C05 /* ItemDescription.swift */; };
		DC213E6F27D9EF4600B27C05 /* ItemTypesServiceProtocol.swift in Sources */ = {isa = PBXBuildFile; fileRef = DC213E6E27D9EF4600B27C05 /* ItemTypesServiceProtocol.swift */; };
		DC213E7127D9EF8000B27C05 /* BlizzardItemTypesService.swift in Sources */ = {isa = PBXBuildFile; fileRef = DC213E7027D9EF8000B27C05 /* BlizzardItemTypesService.swift */; };
		DC213E7327D9EFCF00B27C05 /* ItemsServiceProtocol.swift in Sources */ = {isa = PBXBuildFile; fileRef = DC213E7227D9EFCF00B27C05 /* ItemsServiceProtocol.swift */; };
		DC213E7527D9EFD900B27C05 /* BlizzardItemsService.swift in Sources */ = {isa = PBXBuildFile; fileRef = DC213E7427D9EFD900B27C05 /* BlizzardItemsService.swift */; };
		DC213E7727D9EFE300B27C05 /* ItemDescriptionServiceProtocol.swift in Sources */ = {isa = PBXBuildFile; fileRef = DC213E7627D9EFE300B27C05 /* ItemDescriptionServiceProtocol.swift */; };
		DC213E7927D9EFEF00B27C05 /* BlizzardItemDescriptionService.swift in Sources */ = {isa = PBXBuildFile; fileRef = DC213E7827D9EFEF00B27C05 /* BlizzardItemDescriptionService.swift */; };
		DC213E7B27D9F03200B27C05 /* ItemsViewController.swift in Sources */ = {isa = PBXBuildFile; fileRef = DC213E7A27D9F03200B27C05 /* ItemsViewController.swift */; };
		DC213E7D27D9F03B00B27C05 /* ItemDescriptionViewController.swift in Sources */ = {isa = PBXBuildFile; fileRef = DC213E7C27D9F03B00B27C05 /* ItemDescriptionViewController.swift */; };
		DC213E7F27DB134F00B27C05 /* ApiRepository.swift in Sources */ = {isa = PBXBuildFile; fileRef = DC213E7E27DB134F00B27C05 /* ApiRepository.swift */; };
		DC213E8727DB155700B27C05 /* IconSize.swift in Sources */ = {isa = PBXBuildFile; fileRef = DC213E8627DB155700B27C05 /* IconSize.swift */; };
		DC213E8927DB156100B27C05 /* OAuthTokenResponse.swift in Sources */ = {isa = PBXBuildFile; fileRef = DC213E8827DB156100B27C05 /* OAuthTokenResponse.swift */; };
		DC213E8B27DB157200B27C05 /* ApiRepositoryError.swift in Sources */ = {isa = PBXBuildFile; fileRef = DC213E8A27DB157200B27C05 /* ApiRepositoryError.swift */; };
		DC213E8F27DB1A1E00B27C05 /* Model.xcdatamodeld in Sources */ = {isa = PBXBuildFile; fileRef = DC213E8D27DB1A1E00B27C05 /* Model.xcdatamodeld */; };
		DC213E9127DB1A5B00B27C05 /* CodingUserInfoKey+Extension.swift in Sources */ = {isa = PBXBuildFile; fileRef = DC213E9027DB1A5B00B27C05 /* CodingUserInfoKey+Extension.swift */; };
		DC213E9427DB1AD700B27C05 /* FetchedControllerDelegateForCollectionView.swift in Sources */ = {isa = PBXBuildFile; fileRef = DC213E9327DB1AD700B27C05 /* FetchedControllerDelegateForCollectionView.swift */; };
		DC213E9627DB1B0700B27C05 /* FetchedControllerDelegateForTableView.swift in Sources */ = {isa = PBXBuildFile; fileRef = DC213E9527DB1B0700B27C05 /* FetchedControllerDelegateForTableView.swift */; };
		DC213E9827DB1BFD00B27C05 /* LoadableContentViewController.swift in Sources */ = {isa = PBXBuildFile; fileRef = DC213E9727DB1BFD00B27C05 /* LoadableContentViewController.swift */; };
		DC213E9A27DB1C2100B27C05 /* DataProvider.swift in Sources */ = {isa = PBXBuildFile; fileRef = DC213E9927DB1C2100B27C05 /* DataProvider.swift */; };
		DC213E9C27DB1C7100B27C05 /* DataProviderError.swift in Sources */ = {isa = PBXBuildFile; fileRef = DC213E9B27DB1C7100B27C05 /* DataProviderError.swift */; };
		DC213E9F27DB1CA100B27C05 /* CGRect+DividedIntegral.swift in Sources */ = {isa = PBXBuildFile; fileRef = DC213E9E27DB1CA100B27C05 /* CGRect+DividedIntegral.swift */; };
		DC213EA127DB1CAE00B27C05 /* UIViewController+PresentAlert.swift in Sources */ = {isa = PBXBuildFile; fileRef = DC213EA027DB1CAE00B27C05 /* UIViewController+PresentAlert.swift */; };
		DC213EA327DB1CE200B27C05 /* UIView+Shimmering.swift in Sources */ = {isa = PBXBuildFile; fileRef = DC213EA227DB1CE200B27C05 /* UIView+Shimmering.swift */; };
		DC213EA527DB1DDB00B27C05 /* ItemTypesCollectionViewCell.swift in Sources */ = {isa = PBXBuildFile; fileRef = DC213EA427DB1DDB00B27C05 /* ItemTypesCollectionViewCell.swift */; };
		DC213EA727DB1E0E00B27C05 /* MosaicLayout.swift in Sources */ = {isa = PBXBuildFile; fileRef = DC213EA627DB1E0E00B27C05 /* MosaicLayout.swift */; };
		DC213EAB27DB1EEB00B27C05 /* NSFetchResultsControllerHelper.swift in Sources */ = {isa = PBXBuildFile; fileRef = DC213EAA27DB1EEB00B27C05 /* NSFetchResultsControllerHelper.swift */; };
/* End PBXBuildFile section */

/* Begin PBXFileReference section */
		971CA2C927E86C6300F9385E /* ObjC.h */ = {isa = PBXFileReference; lastKnownFileType = sourcecode.c.h; path = ObjC.h; sourceTree = "<group>"; };
		971CA2CA27E86C8000F9385E /* Diablo3ItemsBrowser-Bridging-Header.h */ = {isa = PBXFileReference; lastKnownFileType = sourcecode.c.h; path = "Diablo3ItemsBrowser-Bridging-Header.h"; sourceTree = "<group>"; };
		971CA2CB27E86C8000F9385E /* ObjC.m */ = {isa = PBXFileReference; lastKnownFileType = sourcecode.c.objc; path = ObjC.m; sourceTree = "<group>"; };
		974F171127E1FD48000FB94E /* IconProvider.swift */ = {isa = PBXFileReference; lastKnownFileType = sourcecode.swift; path = IconProvider.swift; sourceTree = "<group>"; };
		979CBA4A27E4AE2B00F47FAF /* TokenStorage.swift */ = {isa = PBXFileReference; lastKnownFileType = sourcecode.swift; path = TokenStorage.swift; sourceTree = "<group>"; };
		97A0374427E30DA90065D82B /* ServiceContext.swift */ = {isa = PBXFileReference; lastKnownFileType = sourcecode.swift; path = ServiceContext.swift; sourceTree = "<group>"; };
		97A0374627E3479A0065D82B /* ItemsTableViewCell.swift */ = {isa = PBXFileReference; lastKnownFileType = sourcecode.swift; path = ItemsTableViewCell.swift; sourceTree = "<group>"; };
		97A0374827E348BD0065D82B /* BlizzardIconProvider.swift */ = {isa = PBXFileReference; lastKnownFileType = sourcecode.swift; path = BlizzardIconProvider.swift; sourceTree = "<group>"; };
		97A0374B27E351F90065D82B /* ItemDescriptionTableViewCell.swift */ = {isa = PBXFileReference; lastKnownFileType = sourcecode.swift; path = ItemDescriptionTableViewCell.swift; sourceTree = "<group>"; };
		97A0374D27E352310065D82B /* ItemDescriptionIconTableViewCell.swift */ = {isa = PBXFileReference; lastKnownFileType = sourcecode.swift; path = ItemDescriptionIconTableViewCell.swift; sourceTree = "<group>"; };
		97A0374F27E3602A0065D82B /* NSPersistentContainer+SharedContainer.swift */ = {isa = PBXFileReference; lastKnownFileType = sourcecode.swift; path = "NSPersistentContainer+SharedContainer.swift"; sourceTree = "<group>"; };
		97D93D4327F44E69007E65E7 /* ItemTypesViewController+DataSource.swift */ = {isa = PBXFileReference; fileEncoding = 4; lastKnownFileType = sourcecode.swift; path = "ItemTypesViewController+DataSource.swift"; sourceTree = "<group>"; };
		97D93D4427F44E6A007E65E7 /* ItemTypesViewController+Delegate.swift */ = {isa = PBXFileReference; fileEncoding = 4; lastKnownFileType = sourcecode.swift; path = "ItemTypesViewController+Delegate.swift"; sourceTree = "<group>"; };
		DC213E3C27D8A24C00B27C05 /* Diablo3ItemsBrowser.app */ = {isa = PBXFileReference; explicitFileType = wrapper.application; includeInIndex = 0; path = Diablo3ItemsBrowser.app; sourceTree = BUILT_PRODUCTS_DIR; };
		DC213E3F27D8A24C00B27C05 /* AppDelegate.swift */ = {isa = PBXFileReference; lastKnownFileType = sourcecode.swift; path = AppDelegate.swift; sourceTree = "<group>"; };
		DC213E4127D8A24C00B27C05 /* SceneDelegate.swift */ = {isa = PBXFileReference; lastKnownFileType = sourcecode.swift; path = SceneDelegate.swift; sourceTree = "<group>"; };
		DC213E4827D8A24C00B27C05 /* Assets.xcassets */ = {isa = PBXFileReference; lastKnownFileType = folder.assetcatalog; path = Assets.xcassets; sourceTree = "<group>"; };
		DC213E4B27D8A24C00B27C05 /* Base */ = {isa = PBXFileReference; lastKnownFileType = file.storyboard; name = Base; path = Base.lproj/LaunchScreen.storyboard; sourceTree = "<group>"; };
		DC213E4D27D8A24C00B27C05 /* Info.plist */ = {isa = PBXFileReference; lastKnownFileType = text.plist.xml; path = Info.plist; sourceTree = "<group>"; };
		DC213E5B27D8CCF600B27C05 /* ItemTypesViewController.swift */ = {isa = PBXFileReference; lastKnownFileType = sourcecode.swift; path = ItemTypesViewController.swift; sourceTree = "<group>"; };
		DC213E6127D9EE4600B27C05 /* ItemType.swift */ = {isa = PBXFileReference; lastKnownFileType = sourcecode.swift; path = ItemType.swift; sourceTree = "<group>"; };
		DC213E6327D9EE4D00B27C05 /* Item.swift */ = {isa = PBXFileReference; lastKnownFileType = sourcecode.swift; path = Item.swift; sourceTree = "<group>"; };
		DC213E6527D9EE5700B27C05 /* ItemDescription.swift */ = {isa = PBXFileReference; lastKnownFileType = sourcecode.swift; path = ItemDescription.swift; sourceTree = "<group>"; };
		DC213E6E27D9EF4600B27C05 /* ItemTypesServiceProtocol.swift */ = {isa = PBXFileReference; lastKnownFileType = sourcecode.swift; path = ItemTypesServiceProtocol.swift; sourceTree = "<group>"; };
		DC213E7027D9EF8000B27C05 /* BlizzardItemTypesService.swift */ = {isa = PBXFileReference; lastKnownFileType = sourcecode.swift; path = BlizzardItemTypesService.swift; sourceTree = "<group>"; };
		DC213E7227D9EFCF00B27C05 /* ItemsServiceProtocol.swift */ = {isa = PBXFileReference; lastKnownFileType = sourcecode.swift; path = ItemsServiceProtocol.swift; sourceTree = "<group>"; };
		DC213E7427D9EFD900B27C05 /* BlizzardItemsService.swift */ = {isa = PBXFileReference; lastKnownFileType = sourcecode.swift; path = BlizzardItemsService.swift; sourceTree = "<group>"; };
		DC213E7627D9EFE300B27C05 /* ItemDescriptionServiceProtocol.swift */ = {isa = PBXFileReference; lastKnownFileType = sourcecode.swift; path = ItemDescriptionServiceProtocol.swift; sourceTree = "<group>"; };
		DC213E7827D9EFEF00B27C05 /* BlizzardItemDescriptionService.swift */ = {isa = PBXFileReference; lastKnownFileType = sourcecode.swift; path = BlizzardItemDescriptionService.swift; sourceTree = "<group>"; };
		DC213E7A27D9F03200B27C05 /* ItemsViewController.swift */ = {isa = PBXFileReference; lastKnownFileType = sourcecode.swift; path = ItemsViewController.swift; sourceTree = "<group>"; };
		DC213E7C27D9F03B00B27C05 /* ItemDescriptionViewController.swift */ = {isa = PBXFileReference; lastKnownFileType = sourcecode.swift; path = ItemDescriptionViewController.swift; sourceTree = "<group>"; };
		DC213E7E27DB134F00B27C05 /* ApiRepository.swift */ = {isa = PBXFileReference; lastKnownFileType = sourcecode.swift; path = ApiRepository.swift; sourceTree = "<group>"; };
		DC213E8627DB155700B27C05 /* IconSize.swift */ = {isa = PBXFileReference; lastKnownFileType = sourcecode.swift; path = IconSize.swift; sourceTree = "<group>"; };
		DC213E8827DB156100B27C05 /* OAuthTokenResponse.swift */ = {isa = PBXFileReference; lastKnownFileType = sourcecode.swift; path = OAuthTokenResponse.swift; sourceTree = "<group>"; };
		DC213E8A27DB157200B27C05 /* ApiRepositoryError.swift */ = {isa = PBXFileReference; lastKnownFileType = sourcecode.swift; path = ApiRepositoryError.swift; sourceTree = "<group>"; };
		DC213E8C27DB191600B27C05 /* README.md */ = {isa = PBXFileReference; lastKnownFileType = net.daringfireball.markdown; path = README.md; sourceTree = "<group>"; };
		DC213E8E27DB1A1E00B27C05 /* Model.xcdatamodel */ = {isa = PBXFileReference; lastKnownFileType = wrapper.xcdatamodel; path = Model.xcdatamodel; sourceTree = "<group>"; };
		DC213E9027DB1A5B00B27C05 /* CodingUserInfoKey+Extension.swift */ = {isa = PBXFileReference; lastKnownFileType = sourcecode.swift; path = "CodingUserInfoKey+Extension.swift"; sourceTree = "<group>"; };
		DC213E9327DB1AD700B27C05 /* FetchedControllerDelegateForCollectionView.swift */ = {isa = PBXFileReference; lastKnownFileType = sourcecode.swift; path = FetchedControllerDelegateForCollectionView.swift; sourceTree = "<group>"; };
		DC213E9527DB1B0700B27C05 /* FetchedControllerDelegateForTableView.swift */ = {isa = PBXFileReference; lastKnownFileType = sourcecode.swift; path = FetchedControllerDelegateForTableView.swift; sourceTree = "<group>"; };
		DC213E9727DB1BFD00B27C05 /* LoadableContentViewController.swift */ = {isa = PBXFileReference; lastKnownFileType = sourcecode.swift; path = LoadableContentViewController.swift; sourceTree = "<group>"; };
		DC213E9927DB1C2100B27C05 /* DataProvider.swift */ = {isa = PBXFileReference; lastKnownFileType = sourcecode.swift; path = DataProvider.swift; sourceTree = "<group>"; };
		DC213E9B27DB1C7100B27C05 /* DataProviderError.swift */ = {isa = PBXFileReference; lastKnownFileType = sourcecode.swift; path = DataProviderError.swift; sourceTree = "<group>"; };
		DC213E9E27DB1CA100B27C05 /* CGRect+DividedIntegral.swift */ = {isa = PBXFileReference; lastKnownFileType = sourcecode.swift; path = "CGRect+DividedIntegral.swift"; sourceTree = "<group>"; };
		DC213EA027DB1CAE00B27C05 /* UIViewController+PresentAlert.swift */ = {isa = PBXFileReference; lastKnownFileType = sourcecode.swift; path = "UIViewController+PresentAlert.swift"; sourceTree = "<group>"; };
		DC213EA227DB1CE200B27C05 /* UIView+Shimmering.swift */ = {isa = PBXFileReference; lastKnownFileType = sourcecode.swift; path = "UIView+Shimmering.swift"; sourceTree = "<group>"; };
		DC213EA427DB1DDB00B27C05 /* ItemTypesCollectionViewCell.swift */ = {isa = PBXFileReference; lastKnownFileType = sourcecode.swift; path = ItemTypesCollectionViewCell.swift; sourceTree = "<group>"; };
		DC213EA627DB1E0E00B27C05 /* MosaicLayout.swift */ = {isa = PBXFileReference; lastKnownFileType = sourcecode.swift; path = MosaicLayout.swift; sourceTree = "<group>"; };
		DC213EAA27DB1EEB00B27C05 /* NSFetchResultsControllerHelper.swift */ = {isa = PBXFileReference; lastKnownFileType = sourcecode.swift; path = NSFetchResultsControllerHelper.swift; sourceTree = "<group>"; };
/* End PBXFileReference section */

/* Begin PBXFrameworksBuildPhase section */
		DC213E3927D8A24C00B27C05 /* Frameworks */ = {
			isa = PBXFrameworksBuildPhase;
			buildActionMask = 2147483647;
			files = (
			);
			runOnlyForDeploymentPostprocessing = 0;
		};
/* End PBXFrameworksBuildPhase section */

/* Begin PBXGroup section */
		974F171327E1FDB6000FB94E /* Providers */ = {
			isa = PBXGroup;
			children = (
				DC213E9927DB1C2100B27C05 /* DataProvider.swift */,
				974F171127E1FD48000FB94E /* IconProvider.swift */,
			);
			name = Providers;
			sourceTree = "<group>";
		};
		974F171427E1FDCF000FB94E /* Errors */ = {
			isa = PBXGroup;
			children = (
				DC213E9B27DB1C7100B27C05 /* DataProviderError.swift */,
				DC213E8A27DB157200B27C05 /* ApiRepositoryError.swift */,
			);
			name = Errors;
			sourceTree = "<group>";
		};
		97A0374A27E3513A0065D82B /* Services */ = {
			isa = PBXGroup;
			children = (
				97A0374427E30DA90065D82B /* ServiceContext.swift */,
				97A0374827E348BD0065D82B /* BlizzardIconProvider.swift */,
			);
			name = Services;
			sourceTree = "<group>";
		};
		DC213E3327D8A24C00B27C05 = {
			isa = PBXGroup;
			children = (
				DC213E8C27DB191600B27C05 /* README.md */,
				DC213E3E27D8A24C00B27C05 /* Diablo3ItemsBrowser */,
				DC213E3D27D8A24C00B27C05 /* Products */,
			);
			sourceTree = "<group>";
		};
		DC213E3D27D8A24C00B27C05 /* Products */ = {
			isa = PBXGroup;
			children = (
				DC213E3C27D8A24C00B27C05 /* Diablo3ItemsBrowser.app */,
			);
			name = Products;
			sourceTree = "<group>";
		};
		DC213E3E27D8A24C00B27C05 /* Diablo3ItemsBrowser */ = {
			isa = PBXGroup;
			children = (
				DC213E5E27D8CD3400B27C05 /* Common */,
				DC213E5727D8CCB000B27C05 /* Features */,
				DC213E5327D8A29600B27C05 /* Application */,
			);
			path = Diablo3ItemsBrowser;
			sourceTree = "<group>";
		};
		DC213E5327D8A29600B27C05 /* Application */ = {
			isa = PBXGroup;
			children = (
				DC213E3F27D8A24C00B27C05 /* AppDelegate.swift */,
				DC213E4127D8A24C00B27C05 /* SceneDelegate.swift */,
				DC213E4A27D8A24C00B27C05 /* LaunchScreen.storyboard */,
				DC213E4827D8A24C00B27C05 /* Assets.xcassets */,
				DC213E4D27D8A24C00B27C05 /* Info.plist */,
			);
			name = Application;
			sourceTree = "<group>";
		};
		DC213E5727D8CCB000B27C05 /* Features */ = {
			isa = PBXGroup;
			children = (
				DC213E5827D8CCBD00B27C05 /* Item Types */,
				DC213E5927D8CCCA00B27C05 /* Items */,
				DC213E5A27D8CCD000B27C05 /* Item Description */,
			);
			name = Features;
			sourceTree = "<group>";
		};
		DC213E5827D8CCBD00B27C05 /* Item Types */ = {
			isa = PBXGroup;
			children = (
				DC213E5D27D8CD2D00B27C05 /* Models */,
				DC213E6B27D9EF1600B27C05 /* Views */,
				DC213E6727D9EEDB00B27C05 /* Services */,
			);
			name = "Item Types";
			sourceTree = "<group>";
		};
		DC213E5927D8CCCA00B27C05 /* Items */ = {
			isa = PBXGroup;
			children = (
				DC213E5F27D9EDD800B27C05 /* Models */,
				DC213E6C27D9EF2200B27C05 /* Views */,
				DC213E6827D9EEEC00B27C05 /* Services */,
			);
			name = Items;
			sourceTree = "<group>";
		};
		DC213E5A27D8CCD000B27C05 /* Item Description */ = {
			isa = PBXGroup;
			children = (
				DC213E6027D9EDE100B27C05 /* Models */,
				DC213E6D27D9EF2600B27C05 /* Views */,
				DC213E6927D9EEF000B27C05 /* Services */,
			);
			name = "Item Description";
			sourceTree = "<group>";
		};
		DC213E5D27D8CD2D00B27C05 /* Models */ = {
			isa = PBXGroup;
			children = (
				DC213E6127D9EE4600B27C05 /* ItemType.swift */,
				DC213EA627DB1E0E00B27C05 /* MosaicLayout.swift */,
			);
			name = Models;
			sourceTree = "<group>";
		};
		DC213E5E27D8CD3400B27C05 /* Common */ = {
			isa = PBXGroup;
			children = (
				97A0374A27E3513A0065D82B /* Services */,
				DC213E9D27DB1C8A00B27C05 /* Extensions */,
				DC213E9227DB1AB700B27C05 /* Controllers */,
				DC213E8527DB155000B27C05 /* Models */,
				DC213E8227DB153E00B27C05 /* Networking */,
				971CA2C927E86C6300F9385E /* ObjC.h */,
				971CA2CB27E86C8000F9385E /* ObjC.m */,
				971CA2CA27E86C8000F9385E /* Diablo3ItemsBrowser-Bridging-Header.h */,
			);
			name = Common;
			sourceTree = "<group>";
		};
		DC213E5F27D9EDD800B27C05 /* Models */ = {
			isa = PBXGroup;
			children = (
				DC213E6327D9EE4D00B27C05 /* Item.swift */,
			);
			name = Models;
			sourceTree = "<group>";
		};
		DC213E6027D9EDE100B27C05 /* Models */ = {
			isa = PBXGroup;
			children = (
				DC213E6527D9EE5700B27C05 /* ItemDescription.swift */,
			);
			name = Models;
			sourceTree = "<group>";
		};
		DC213E6727D9EEDB00B27C05 /* Services */ = {
			isa = PBXGroup;
			children = (
				DC213E6E27D9EF4600B27C05 /* ItemTypesServiceProtocol.swift */,
				DC213E7027D9EF8000B27C05 /* BlizzardItemTypesService.swift */,
			);
			name = Services;
			sourceTree = "<group>";
		};
		DC213E6827D9EEEC00B27C05 /* Services */ = {
			isa = PBXGroup;
			children = (
				DC213E7227D9EFCF00B27C05 /* ItemsServiceProtocol.swift */,
				DC213E7427D9EFD900B27C05 /* BlizzardItemsService.swift */,
			);
			name = Services;
			sourceTree = "<group>";
		};
		DC213E6927D9EEF000B27C05 /* Services */ = {
			isa = PBXGroup;
			children = (
				DC213E7627D9EFE300B27C05 /* ItemDescriptionServiceProtocol.swift */,
				DC213E7827D9EFEF00B27C05 /* BlizzardItemDescriptionService.swift */,
			);
			name = Services;
			sourceTree = "<group>";
		};
		DC213E6B27D9EF1600B27C05 /* Views */ = {
			isa = PBXGroup;
			children = (
				DC213E5B27D8CCF600B27C05 /* ItemTypesViewController.swift */,
				97D93D4327F44E69007E65E7 /* ItemTypesViewController+DataSource.swift */,
				97D93D4427F44E6A007E65E7 /* ItemTypesViewController+Delegate.swift */,
				DC213EA427DB1DDB00B27C05 /* ItemTypesCollectionViewCell.swift */,
			);
			name = Views;
			sourceTree = "<group>";
		};
		DC213E6C27D9EF2200B27C05 /* Views */ = {
			isa = PBXGroup;
			children = (
				DC213E7A27D9F03200B27C05 /* ItemsViewController.swift */,
				97A0374627E3479A0065D82B /* ItemsTableViewCell.swift */,
			);
			name = Views;
			sourceTree = "<group>";
		};
		DC213E6D27D9EF2600B27C05 /* Views */ = {
			isa = PBXGroup;
			children = (
				DC213E7C27D9F03B00B27C05 /* ItemDescriptionViewController.swift */,
				97A0374B27E351F90065D82B /* ItemDescriptionTableViewCell.swift */,
				97A0374D27E352310065D82B /* ItemDescriptionIconTableViewCell.swift */,
			);
			name = Views;
			sourceTree = "<group>";
		};
		DC213E8227DB153E00B27C05 /* Networking */ = {
			isa = PBXGroup;
			children = (
				DC213E7E27DB134F00B27C05 /* ApiRepository.swift */,
				979CBA4A27E4AE2B00F47FAF /* TokenStorage.swift */,
			);
			name = Networking;
			sourceTree = "<group>";
		};
		DC213E8527DB155000B27C05 /* Models */ = {
			isa = PBXGroup;
			children = (
				974F171327E1FDB6000FB94E /* Providers */,
				974F171427E1FDCF000FB94E /* Errors */,
				DC213E8D27DB1A1E00B27C05 /* Model.xcdatamodeld */,
				DC213E8627DB155700B27C05 /* IconSize.swift */,
				DC213E8827DB156100B27C05 /* OAuthTokenResponse.swift */,
				DC213E9027DB1A5B00B27C05 /* CodingUserInfoKey+Extension.swift */,
				DC213EAA27DB1EEB00B27C05 /* NSFetchResultsControllerHelper.swift */,
			);
			name = Models;
			sourceTree = "<group>";
		};
		DC213E9227DB1AB700B27C05 /* Controllers */ = {
			isa = PBXGroup;
			children = (
				DC213E9327DB1AD700B27C05 /* FetchedControllerDelegateForCollectionView.swift */,
				DC213E9527DB1B0700B27C05 /* FetchedControllerDelegateForTableView.swift */,
				DC213E9727DB1BFD00B27C05 /* LoadableContentViewController.swift */,
			);
			name = Controllers;
			sourceTree = "<group>";
		};
		DC213E9D27DB1C8A00B27C05 /* Extensions */ = {
			isa = PBXGroup;
			children = (
				DC213E9E27DB1CA100B27C05 /* CGRect+DividedIntegral.swift */,
				DC213EA027DB1CAE00B27C05 /* UIViewController+PresentAlert.swift */,
				DC213EA227DB1CE200B27C05 /* UIView+Shimmering.swift */,
				97A0374F27E3602A0065D82B /* NSPersistentContainer+SharedContainer.swift */,
			);
			name = Extensions;
			sourceTree = "<group>";
		};
/* End PBXGroup section */

/* Begin PBXNativeTarget section */
		DC213E3B27D8A24C00B27C05 /* Diablo3ItemsBrowser */ = {
			isa = PBXNativeTarget;
			buildConfigurationList = DC213E5027D8A24C00B27C05 /* Build configuration list for PBXNativeTarget "Diablo3ItemsBrowser" */;
			buildPhases = (
				DC213E3827D8A24C00B27C05 /* Sources */,
				DC213E3927D8A24C00B27C05 /* Frameworks */,
				DC213E3A27D8A24C00B27C05 /* Resources */,
			);
			buildRules = (
			);
			dependencies = (
			);
			name = Diablo3ItemsBrowser;
			productName = Diablo3ItemsBrowser;
			productReference = DC213E3C27D8A24C00B27C05 /* Diablo3ItemsBrowser.app */;
			productType = "com.apple.product-type.application";
		};
/* End PBXNativeTarget section */

/* Begin PBXProject section */
		DC213E3427D8A24C00B27C05 /* Project object */ = {
			isa = PBXProject;
			attributes = {
				BuildIndependentTargetsInParallel = 1;
				LastSwiftUpdateCheck = 1320;
				LastUpgradeCheck = 1320;
				TargetAttributes = {
					DC213E3B27D8A24C00B27C05 = {
						CreatedOnToolsVersion = 13.2.1;
						LastSwiftMigration = 1330;
					};
				};
			};
			buildConfigurationList = DC213E3727D8A24C00B27C05 /* Build configuration list for PBXProject "Diablo3ItemsBrowser" */;
			compatibilityVersion = "Xcode 13.0";
			developmentRegion = en;
			hasScannedForEncodings = 0;
			knownRegions = (
				en,
				Base,
			);
			mainGroup = DC213E3327D8A24C00B27C05;
			productRefGroup = DC213E3D27D8A24C00B27C05 /* Products */;
			projectDirPath = "";
			projectRoot = "";
			targets = (
				DC213E3B27D8A24C00B27C05 /* Diablo3ItemsBrowser */,
			);
		};
/* End PBXProject section */

/* Begin PBXResourcesBuildPhase section */
		DC213E3A27D8A24C00B27C05 /* Resources */ = {
			isa = PBXResourcesBuildPhase;
			buildActionMask = 2147483647;
			files = (
				DC213E4C27D8A24C00B27C05 /* LaunchScreen.storyboard in Resources */,
				DC213E4927D8A24C00B27C05 /* Assets.xcassets in Resources */,
			);
			runOnlyForDeploymentPostprocessing = 0;
		};
/* End PBXResourcesBuildPhase section */

/* Begin PBXSourcesBuildPhase section */
		DC213E3827D8A24C00B27C05 /* Sources */ = {
			isa = PBXSourcesBuildPhase;
			buildActionMask = 2147483647;
			files = (
				DC213E6F27D9EF4600B27C05 /* ItemTypesServiceProtocol.swift in Sources */,
				979CBA4B27E4AE2B00F47FAF /* TokenStorage.swift in Sources */,
				974F171227E1FD48000FB94E /* IconProvider.swift in Sources */,
				DC213E7727D9EFE300B27C05 /* ItemDescriptionServiceProtocol.swift in Sources */,
				97A0374527E30DA90065D82B /* ServiceContext.swift in Sources */,
				DC213E7327D9EFCF00B27C05 /* ItemsServiceProtocol.swift in Sources */,
				DC213EA727DB1E0E00B27C05 /* MosaicLayout.swift in Sources */,
				DC213E6627D9EE5700B27C05 /* ItemDescription.swift in Sources */,
				97A0375027E3602A0065D82B /* NSPersistentContainer+SharedContainer.swift in Sources */,
				97A0374C27E351F90065D82B /* ItemDescriptionTableViewCell.swift in Sources */,
				97D93D4627F44E6A007E65E7 /* ItemTypesViewController+Delegate.swift in Sources */,
				DC213E9127DB1A5B00B27C05 /* CodingUserInfoKey+Extension.swift in Sources */,
				DC213E4027D8A24C00B27C05 /* AppDelegate.swift in Sources */,
				DC213E8B27DB157200B27C05 /* ApiRepositoryError.swift in Sources */,
				DC213E6227D9EE4600B27C05 /* ItemType.swift in Sources */,
				DC213E4227D8A24C00B27C05 /* SceneDelegate.swift in Sources */,
				971CA2CC27E86C8000F9385E /* ObjC.m in Sources */,
				97A0374727E3479A0065D82B /* ItemsTableViewCell.swift in Sources */,
				DC213E7527D9EFD900B27C05 /* BlizzardItemsService.swift in Sources */,
				97D93D4527F44E6A007E65E7 /* ItemTypesViewController+DataSource.swift in Sources */,
				DC213E9627DB1B0700B27C05 /* FetchedControllerDelegateForTableView.swift in Sources */,
				DC213E9827DB1BFD00B27C05 /* LoadableContentViewController.swift in Sources */,
				DC213E7127D9EF8000B27C05 /* BlizzardItemTypesService.swift in Sources */,
				DC213E7D27D9F03B00B27C05 /* ItemDescriptionViewController.swift in Sources */,
				DC213E6427D9EE4D00B27C05 /* Item.swift in Sources */,
				DC213E7F27DB134F00B27C05 /* ApiRepository.swift in Sources */,
				DC213E9C27DB1C7100B27C05 /* DataProviderError.swift in Sources */,
				DC213E9F27DB1CA100B27C05 /* CGRect+DividedIntegral.swift in Sources */,
				97A0374E27E352310065D82B /* ItemDescriptionIconTableViewCell.swift in Sources */,
				DC213EA527DB1DDB00B27C05 /* ItemTypesCollectionViewCell.swift in Sources */,
				DC213E7B27D9F03200B27C05 /* ItemsViewController.swift in Sources */,
				97A0374927E348BD0065D82B /* BlizzardIconProvider.swift in Sources */,
				DC213E9427DB1AD700B27C05 /* FetchedControllerDelegateForCollectionView.swift in Sources */,
				DC213E9A27DB1C2100B27C05 /* DataProvider.swift in Sources */,
				DC213E8727DB155700B27C05 /* IconSize.swift in Sources */,
				DC213EA327DB1CE200B27C05 /* UIView+Shimmering.swift in Sources */,
				DC213E5C27D8CCF600B27C05 /* ItemTypesViewController.swift in Sources */,
				DC213E7927D9EFEF00B27C05 /* BlizzardItemDescriptionService.swift in Sources */,
				DC213E8F27DB1A1E00B27C05 /* Model.xcdatamodeld in Sources */,
				DC213EAB27DB1EEB00B27C05 /* NSFetchResultsControllerHelper.swift in Sources */,
				DC213EA127DB1CAE00B27C05 /* UIViewController+PresentAlert.swift in Sources */,
				DC213E8927DB156100B27C05 /* OAuthTokenResponse.swift in Sources */,
			);
			runOnlyForDeploymentPostprocessing = 0;
		};
/* End PBXSourcesBuildPhase section */

/* Begin PBXVariantGroup section */
		DC213E4A27D8A24C00B27C05 /* LaunchScreen.storyboard */ = {
			isa = PBXVariantGroup;
			children = (
				DC213E4B27D8A24C00B27C05 /* Base */,
			);
			name = LaunchScreen.storyboard;
			sourceTree = "<group>";
		};
/* End PBXVariantGroup section */

/* Begin XCBuildConfiguration section */
		DC213E4E27D8A24C00B27C05 /* Debug */ = {
			isa = XCBuildConfiguration;
			buildSettings = {
				ALWAYS_SEARCH_USER_PATHS = NO;
				CLANG_ANALYZER_NONNULL = YES;
				CLANG_ANALYZER_NUMBER_OBJECT_CONVERSION = YES_AGGRESSIVE;
				CLANG_CXX_LANGUAGE_STANDARD = "gnu++17";
				CLANG_CXX_LIBRARY = "libc++";
				CLANG_ENABLE_MODULES = YES;
				CLANG_ENABLE_OBJC_ARC = YES;
				CLANG_ENABLE_OBJC_WEAK = YES;
				CLANG_WARN_BLOCK_CAPTURE_AUTORELEASING = YES;
				CLANG_WARN_BOOL_CONVERSION = YES;
				CLANG_WARN_COMMA = YES;
				CLANG_WARN_CONSTANT_CONVERSION = YES;
				CLANG_WARN_DEPRECATED_OBJC_IMPLEMENTATIONS = YES;
				CLANG_WARN_DIRECT_OBJC_ISA_USAGE = YES_ERROR;
				CLANG_WARN_DOCUMENTATION_COMMENTS = YES;
				CLANG_WARN_EMPTY_BODY = YES;
				CLANG_WARN_ENUM_CONVERSION = YES;
				CLANG_WARN_INFINITE_RECURSION = YES;
				CLANG_WARN_INT_CONVERSION = YES;
				CLANG_WARN_NON_LITERAL_NULL_CONVERSION = YES;
				CLANG_WARN_OBJC_IMPLICIT_RETAIN_SELF = YES;
				CLANG_WARN_OBJC_LITERAL_CONVERSION = YES;
				CLANG_WARN_OBJC_ROOT_CLASS = YES_ERROR;
				CLANG_WARN_QUOTED_INCLUDE_IN_FRAMEWORK_HEADER = YES;
				CLANG_WARN_RANGE_LOOP_ANALYSIS = YES;
				CLANG_WARN_STRICT_PROTOTYPES = YES;
				CLANG_WARN_SUSPICIOUS_MOVE = YES;
				CLANG_WARN_UNGUARDED_AVAILABILITY = YES_AGGRESSIVE;
				CLANG_WARN_UNREACHABLE_CODE = YES;
				CLANG_WARN__DUPLICATE_METHOD_MATCH = YES;
				COPY_PHASE_STRIP = NO;
				DEBUG_INFORMATION_FORMAT = dwarf;
				ENABLE_STRICT_OBJC_MSGSEND = YES;
				ENABLE_TESTABILITY = YES;
				GCC_C_LANGUAGE_STANDARD = gnu11;
				GCC_DYNAMIC_NO_PIC = NO;
				GCC_NO_COMMON_BLOCKS = YES;
				GCC_OPTIMIZATION_LEVEL = 0;
				GCC_PREPROCESSOR_DEFINITIONS = (
					"DEBUG=1",
					"$(inherited)",
				);
				GCC_WARN_64_TO_32_BIT_CONVERSION = YES;
				GCC_WARN_ABOUT_RETURN_TYPE = YES_ERROR;
				GCC_WARN_UNDECLARED_SELECTOR = YES;
				GCC_WARN_UNINITIALIZED_AUTOS = YES_AGGRESSIVE;
				GCC_WARN_UNUSED_FUNCTION = YES;
				GCC_WARN_UNUSED_VARIABLE = YES;
				IPHONEOS_DEPLOYMENT_TARGET = 15.2;
				MTL_ENABLE_DEBUG_INFO = INCLUDE_SOURCE;
				MTL_FAST_MATH = YES;
				ONLY_ACTIVE_ARCH = YES;
				SDKROOT = iphoneos;
				SWIFT_ACTIVE_COMPILATION_CONDITIONS = DEBUG;
				SWIFT_OPTIMIZATION_LEVEL = "-Onone";
			};
			name = Debug;
		};
		DC213E4F27D8A24C00B27C05 /* Release */ = {
			isa = XCBuildConfiguration;
			buildSettings = {
				ALWAYS_SEARCH_USER_PATHS = NO;
				CLANG_ANALYZER_NONNULL = YES;
				CLANG_ANALYZER_NUMBER_OBJECT_CONVERSION = YES_AGGRESSIVE;
				CLANG_CXX_LANGUAGE_STANDARD = "gnu++17";
				CLANG_CXX_LIBRARY = "libc++";
				CLANG_ENABLE_MODULES = YES;
				CLANG_ENABLE_OBJC_ARC = YES;
				CLANG_ENABLE_OBJC_WEAK = YES;
				CLANG_WARN_BLOCK_CAPTURE_AUTORELEASING = YES;
				CLANG_WARN_BOOL_CONVERSION = YES;
				CLANG_WARN_COMMA = YES;
				CLANG_WARN_CONSTANT_CONVERSION = YES;
				CLANG_WARN_DEPRECATED_OBJC_IMPLEMENTATIONS = YES;
				CLANG_WARN_DIRECT_OBJC_ISA_USAGE = YES_ERROR;
				CLANG_WARN_DOCUMENTATION_COMMENTS = YES;
				CLANG_WARN_EMPTY_BODY = YES;
				CLANG_WARN_ENUM_CONVERSION = YES;
				CLANG_WARN_INFINITE_RECURSION = YES;
				CLANG_WARN_INT_CONVERSION = YES;
				CLANG_WARN_NON_LITERAL_NULL_CONVERSION = YES;
				CLANG_WARN_OBJC_IMPLICIT_RETAIN_SELF = YES;
				CLANG_WARN_OBJC_LITERAL_CONVERSION = YES;
				CLANG_WARN_OBJC_ROOT_CLASS = YES_ERROR;
				CLANG_WARN_QUOTED_INCLUDE_IN_FRAMEWORK_HEADER = YES;
				CLANG_WARN_RANGE_LOOP_ANALYSIS = YES;
				CLANG_WARN_STRICT_PROTOTYPES = YES;
				CLANG_WARN_SUSPICIOUS_MOVE = YES;
				CLANG_WARN_UNGUARDED_AVAILABILITY = YES_AGGRESSIVE;
				CLANG_WARN_UNREACHABLE_CODE = YES;
				CLANG_WARN__DUPLICATE_METHOD_MATCH = YES;
				COPY_PHASE_STRIP = NO;
				DEBUG_INFORMATION_FORMAT = "dwarf-with-dsym";
				ENABLE_NS_ASSERTIONS = NO;
				ENABLE_STRICT_OBJC_MSGSEND = YES;
				GCC_C_LANGUAGE_STANDARD = gnu11;
				GCC_NO_COMMON_BLOCKS = YES;
				GCC_WARN_64_TO_32_BIT_CONVERSION = YES;
				GCC_WARN_ABOUT_RETURN_TYPE = YES_ERROR;
				GCC_WARN_UNDECLARED_SELECTOR = YES;
				GCC_WARN_UNINITIALIZED_AUTOS = YES_AGGRESSIVE;
				GCC_WARN_UNUSED_FUNCTION = YES;
				GCC_WARN_UNUSED_VARIABLE = YES;
				IPHONEOS_DEPLOYMENT_TARGET = 15.2;
				MTL_ENABLE_DEBUG_INFO = NO;
				MTL_FAST_MATH = YES;
				SDKROOT = iphoneos;
				SWIFT_COMPILATION_MODE = wholemodule;
				SWIFT_OPTIMIZATION_LEVEL = "-O";
				VALIDATE_PRODUCT = YES;
			};
			name = Release;
		};
		DC213E5127D8A24C00B27C05 /* Debug */ = {
			isa = XCBuildConfiguration;
			buildSettings = {
				ASSETCATALOG_COMPILER_APPICON_NAME = AppIcon;
				ASSETCATALOG_COMPILER_GLOBAL_ACCENT_COLOR_NAME = AccentColor;
				CLANG_ENABLE_MODULES = YES;
				CODE_SIGN_STYLE = Automatic;
				CURRENT_PROJECT_VERSION = 1;
				DEVELOPMENT_TEAM = 2ZY3SQBRC4;
				GENERATE_INFOPLIST_FILE = YES;
				INFOPLIST_FILE = Diablo3ItemsBrowser/Info.plist;
				INFOPLIST_KEY_UIApplicationSupportsIndirectInputEvents = YES;
				INFOPLIST_KEY_UILaunchStoryboardName = LaunchScreen;
				INFOPLIST_KEY_UISupportedInterfaceOrientations_iPad = "UIInterfaceOrientationPortrait UIInterfaceOrientationPortraitUpsideDown UIInterfaceOrientationLandscapeLeft UIInterfaceOrientationLandscapeRight";
				INFOPLIST_KEY_UISupportedInterfaceOrientations_iPhone = "UIInterfaceOrientationPortrait UIInterfaceOrientationLandscapeLeft UIInterfaceOrientationLandscapeRight";
				IPHONEOS_DEPLOYMENT_TARGET = 14.0;
				LD_RUNPATH_SEARCH_PATHS = (
					"$(inherited)",
					"@executable_path/Frameworks",
				);
				MARKETING_VERSION = 1.0;
				PRODUCT_BUNDLE_IDENTIFIER = com.koptev.Diablo3ItemsBrowser;
				PRODUCT_NAME = "$(TARGET_NAME)";
				SWIFT_EMIT_LOC_STRINGS = YES;
				SWIFT_OBJC_BRIDGING_HEADER = "Diablo3ItemsBrowser/Diablo3ItemsBrowser-Bridging-Header.h";
				SWIFT_OPTIMIZATION_LEVEL = "-Onone";
				SWIFT_VERSION = 5.0;
				TARGETED_DEVICE_FAMILY = 1;
			};
			name = Debug;
		};
		DC213E5227D8A24C00B27C05 /* Release */ = {
			isa = XCBuildConfiguration;
			buildSettings = {
				ASSETCATALOG_COMPILER_APPICON_NAME = AppIcon;
				ASSETCATALOG_COMPILER_GLOBAL_ACCENT_COLOR_NAME = AccentColor;
				CLANG_ENABLE_MODULES = YES;
				CODE_SIGN_STYLE = Automatic;
				CURRENT_PROJECT_VERSION = 1;
				DEVELOPMENT_TEAM = 2ZY3SQBRC4;
				GENERATE_INFOPLIST_FILE = YES;
				INFOPLIST_FILE = Diablo3ItemsBrowser/Info.plist;
				INFOPLIST_KEY_UIApplicationSupportsIndirectInputEvents = YES;
				INFOPLIST_KEY_UILaunchStoryboardName = LaunchScreen;
				INFOPLIST_KEY_UISupportedInterfaceOrientations_iPad = "UIInterfaceOrientationPortrait UIInterfaceOrientationPortraitUpsideDown UIInterfaceOrientationLandscapeLeft UIInterfaceOrientationLandscapeRight";
				INFOPLIST_KEY_UISupportedInterfaceOrientations_iPhone = "UIInterfaceOrientationPortrait UIInterfaceOrientationLandscapeLeft UIInterfaceOrientationLandscapeRight";
				IPHONEOS_DEPLOYMENT_TARGET = 14.0;
				LD_RUNPATH_SEARCH_PATHS = (
					"$(inherited)",
					"@executable_path/Frameworks",
				);
				MARKETING_VERSION = 1.0;
				PRODUCT_BUNDLE_IDENTIFIER = com.koptev.Diablo3ItemsBrowser;
				PRODUCT_NAME = "$(TARGET_NAME)";
				SWIFT_EMIT_LOC_STRINGS = YES;
				SWIFT_OBJC_BRIDGING_HEADER = "Diablo3ItemsBrowser/Diablo3ItemsBrowser-Bridging-Header.h";
				SWIFT_VERSION = 5.0;
				TARGETED_DEVICE_FAMILY = 1;
			};
			name = Release;
		};
/* End XCBuildConfiguration section */

/* Begin XCConfigurationList section */
		DC213E3727D8A24C00B27C05 /* Build configuration list for PBXProject "Diablo3ItemsBrowser" */ = {
			isa = XCConfigurationList;
			buildConfigurations = (
				DC213E4E27D8A24C00B27C05 /* Debug */,
				DC213E4F27D8A24C00B27C05 /* Release */,
			);
			defaultConfigurationIsVisible = 0;
			defaultConfigurationName = Release;
		};
		DC213E5027D8A24C00B27C05 /* Build configuration list for PBXNativeTarget "Diablo3ItemsBrowser" */ = {
			isa = XCConfigurationList;
			buildConfigurations = (
				DC213E5127D8A24C00B27C05 /* Debug */,
				DC213E5227D8A24C00B27C05 /* Release */,
			);
			defaultConfigurationIsVisible = 0;
			defaultConfigurationName = Release;
		};
/* End XCConfigurationList section */

/* Begin XCVersionGroup section */
		DC213E8D27DB1A1E00B27C05 /* Model.xcdatamodeld */ = {
			isa = XCVersionGroup;
			children = (
				DC213E8E27DB1A1E00B27C05 /* Model.xcdatamodel */,
			);
			currentVersion = DC213E8E27DB1A1E00B27C05 /* Model.xcdatamodel */;
			path = Model.xcdatamodeld;
			sourceTree = "<group>";
			versionGroupType = wrapper.xcdatamodel;
		};
/* End XCVersionGroup section */
	};
	rootObject = DC213E3427D8A24C00B27C05 /* Project object */;
}
